
Microsoft Visual Studio Solution File, Format Version 12.00
# Visual Studio Version 16
VisualStudioVersion = 16.0.32228.343
MinimumVisualStudioVersion = 10.0.40219.1
Project("{9A19103F-16F7-4668-BE54-9A1E7A4F7556}") = "lab_01", "lab_01\lab_01.csproj", "{99BE7C83-5B5C-49AC-B8CC-ED87F560B370}"
EndProject
Project("{2150E333-8FDC-42A3-9474-1A3956D46DE8}") = "Programowanie Obiektowe", "Programowanie Obiektowe", "{7C835805-8E0D-4007-A695-B59DD0028FB8}"
EndProject
Project("{2150E333-8FDC-42A3-9474-1A3956D46DE8}") = "lab_01", "lab_01", "{52153D8C-138F-468E-B2F0-F7AB4C48A46F}"
EndProject
Project("{9A19103F-16F7-4668-BE54-9A1E7A4F7556}") = "lab_02", "lab_02\lab_02.csproj", "{2144B4BE-F493-4E32-A965-21A0114D9800}"
EndProject
Project("{2150E333-8FDC-42A3-9474-1A3956D46DE8}") = "lab_02", "lab_02", "{7DBAAABD-4AE9-4846-9996-9DFCA22D9252}"
EndProject
Project("{2150E333-8FDC-42A3-9474-1A3956D46DE8}") = "lab_03", "lab_03", "{C41E0C03-E735-4114-B4B2-90076B27AD07}"
EndProject
Project("{2150E333-8FDC-42A3-9474-1A3956D46DE8}") = "lab_05", "lab_05", "{48451228-B83F-4BE0-8330-991C0628DEE0}"
EndProject
Project("{2150E333-8FDC-42A3-9474-1A3956D46DE8}") = "lab_06", "lab_06", "{3CBC36C1-7F84-4CD0-BA97-BFF64155E3AF}"
EndProject
Project("{2150E333-8FDC-42A3-9474-1A3956D46DE8}") = "lab_07", "lab_07", "{26E742F7-4BFC-4228-8483-79B31E8F3F34}"
EndProject
Project("{9A19103F-16F7-4668-BE54-9A1E7A4F7556}") = "lab_03", "lab_03\lab_03.csproj", "{AD447670-D510-4DDD-B9E3-E7BBDBE9CF0C}"
EndProject
Project("{2150E333-8FDC-42A3-9474-1A3956D46DE8}") = "lab_04", "lab_04", "{22F0F91F-9211-4F8A-866A-4F839D212D75}"
EndProject
Project("{9A19103F-16F7-4668-BE54-9A1E7A4F7556}") = "lab_04", "lab_04\lab_04.csproj", "{56EDA75B-9BF5-4245-975F-18E7CBAE629F}"
EndProject
Project("{9A19103F-16F7-4668-BE54-9A1E7A4F7556}") = "lab_05", "lab_05\lab_05.csproj", "{BEF843C4-C3A6-44B5-AE61-C6EF30FE5043}"
EndProject
Project("{9A19103F-16F7-4668-BE54-9A1E7A4F7556}") = "lab_06", "lab_06\lab_06.csproj", "{95158960-F03F-4FAB-82F2-A3CDED1380FA}"
EndProject
Project("{FAE04EC0-301F-11D3-BF4B-00C04F79EFBC}") = "lab_07", "lab_07\lab_07.csproj", "{023705BB-BE18-42BE-A74E-088DFA38B54D}"
EndProject
Project("{2150E333-8FDC-42A3-9474-1A3956D46DE8}") = "lab_08", "lab_08", "{012C3C93-0A38-4CBF-BAA2-812226865642}"
EndProject
Project("{FAE04EC0-301F-11D3-BF4B-00C04F79EFBC}") = "lab_08", "lab_08\lab_08.csproj", "{96EC5E79-D77E-42E6-BA21-9958D45749A5}"
EndProject
Global
	GlobalSection(SolutionConfigurationPlatforms) = preSolution
		Debug|Any CPU = Debug|Any CPU
		Release|Any CPU = Release|Any CPU
	EndGlobalSection
	GlobalSection(ProjectConfigurationPlatforms) = postSolution
		{99BE7C83-5B5C-49AC-B8CC-ED87F560B370}.Debug|Any CPU.ActiveCfg = Debug|Any CPU
		{99BE7C83-5B5C-49AC-B8CC-ED87F560B370}.Debug|Any CPU.Build.0 = Debug|Any CPU
		{99BE7C83-5B5C-49AC-B8CC-ED87F560B370}.Release|Any CPU.ActiveCfg = Release|Any CPU
		{99BE7C83-5B5C-49AC-B8CC-ED87F560B370}.Release|Any CPU.Build.0 = Release|Any CPU
		{2144B4BE-F493-4E32-A965-21A0114D9800}.Debug|Any CPU.ActiveCfg = Debug|Any CPU
		{2144B4BE-F493-4E32-A965-21A0114D9800}.Debug|Any CPU.Build.0 = Debug|Any CPU
		{2144B4BE-F493-4E32-A965-21A0114D9800}.Release|Any CPU.ActiveCfg = Release|Any CPU
		{2144B4BE-F493-4E32-A965-21A0114D9800}.Release|Any CPU.Build.0 = Release|Any CPU
		{AD447670-D510-4DDD-B9E3-E7BBDBE9CF0C}.Debug|Any CPU.ActiveCfg = Debug|Any CPU
		{AD447670-D510-4DDD-B9E3-E7BBDBE9CF0C}.Debug|Any CPU.Build.0 = Debug|Any CPU
		{AD447670-D510-4DDD-B9E3-E7BBDBE9CF0C}.Release|Any CPU.ActiveCfg = Release|Any CPU
		{AD447670-D510-4DDD-B9E3-E7BBDBE9CF0C}.Release|Any CPU.Build.0 = Release|Any CPU
		{56EDA75B-9BF5-4245-975F-18E7CBAE629F}.Debug|Any CPU.ActiveCfg = Debug|Any CPU
		{56EDA75B-9BF5-4245-975F-18E7CBAE629F}.Debug|Any CPU.Build.0 = Debug|Any CPU
		{56EDA75B-9BF5-4245-975F-18E7CBAE629F}.Release|Any CPU.ActiveCfg = Release|Any CPU
		{56EDA75B-9BF5-4245-975F-18E7CBAE629F}.Release|Any CPU.Build.0 = Release|Any CPU
		{BEF843C4-C3A6-44B5-AE61-C6EF30FE5043}.Debug|Any CPU.ActiveCfg = Debug|Any CPU
		{BEF843C4-C3A6-44B5-AE61-C6EF30FE5043}.Debug|Any CPU.Build.0 = Debug|Any CPU
		{BEF843C4-C3A6-44B5-AE61-C6EF30FE5043}.Release|Any CPU.ActiveCfg = Release|Any CPU
		{BEF843C4-C3A6-44B5-AE61-C6EF30FE5043}.Release|Any CPU.Build.0 = Release|Any CPU
		{95158960-F03F-4FAB-82F2-A3CDED1380FA}.Debug|Any CPU.ActiveCfg = Debug|Any CPU
		{95158960-F03F-4FAB-82F2-A3CDED1380FA}.Debug|Any CPU.Build.0 = Debug|Any CPU
		{95158960-F03F-4FAB-82F2-A3CDED1380FA}.Release|Any CPU.ActiveCfg = Release|Any CPU
		{95158960-F03F-4FAB-82F2-A3CDED1380FA}.Release|Any CPU.Build.0 = Release|Any CPU
		{023705BB-BE18-42BE-A74E-088DFA38B54D}.Debug|Any CPU.ActiveCfg = Debug|Any CPU
		{023705BB-BE18-42BE-A74E-088DFA38B54D}.Debug|Any CPU.Build.0 = Debug|Any CPU
		{023705BB-BE18-42BE-A74E-088DFA38B54D}.Release|Any CPU.ActiveCfg = Release|Any CPU
		{023705BB-BE18-42BE-A74E-088DFA38B54D}.Release|Any CPU.Build.0 = Release|Any CPU
		{96EC5E79-D77E-42E6-BA21-9958D45749A5}.Debug|Any CPU.ActiveCfg = Debug|Any CPU
		{96EC5E79-D77E-42E6-BA21-9958D45749A5}.Debug|Any CPU.Build.0 = Debug|Any CPU
		{96EC5E79-D77E-42E6-BA21-9958D45749A5}.Release|Any CPU.ActiveCfg = Release|Any CPU
		{96EC5E79-D77E-42E6-BA21-9958D45749A5}.Release|Any CPU.Build.0 = Release|Any CPU
	EndGlobalSection
	GlobalSection(SolutionProperties) = preSolution
		HideSolutionNode = FALSE
	EndGlobalSection
	GlobalSection(NestedProjects) = preSolution
		{99BE7C83-5B5C-49AC-B8CC-ED87F560B370} = {52153D8C-138F-468E-B2F0-F7AB4C48A46F}
		{52153D8C-138F-468E-B2F0-F7AB4C48A46F} = {7C835805-8E0D-4007-A695-B59DD0028FB8}
		{2144B4BE-F493-4E32-A965-21A0114D9800} = {7DBAAABD-4AE9-4846-9996-9DFCA22D9252}
		{7DBAAABD-4AE9-4846-9996-9DFCA22D9252} = {7C835805-8E0D-4007-A695-B59DD0028FB8}
		{C41E0C03-E735-4114-B4B2-90076B27AD07} = {7C835805-8E0D-4007-A695-B59DD0028FB8}
		{48451228-B83F-4BE0-8330-991C0628DEE0} = {7C835805-8E0D-4007-A695-B59DD0028FB8}
		{3CBC36C1-7F84-4CD0-BA97-BFF64155E3AF} = {48451228-B83F-4BE0-8330-991C0628DEE0}
		{26E742F7-4BFC-4228-8483-79B31E8F3F34} = {7C835805-8E0D-4007-A695-B59DD0028FB8}
		{AD447670-D510-4DDD-B9E3-E7BBDBE9CF0C} = {C41E0C03-E735-4114-B4B2-90076B27AD07}
		{22F0F91F-9211-4F8A-866A-4F839D212D75} = {7C835805-8E0D-4007-A695-B59DD0028FB8}
		{56EDA75B-9BF5-4245-975F-18E7CBAE629F} = {22F0F91F-9211-4F8A-866A-4F839D212D75}
		{BEF843C4-C3A6-44B5-AE61-C6EF30FE5043} = {48451228-B83F-4BE0-8330-991C0628DEE0}
		{95158960-F03F-4FAB-82F2-A3CDED1380FA} = {3CBC36C1-7F84-4CD0-BA97-BFF64155E3AF}
		{023705BB-BE18-42BE-A74E-088DFA38B54D} = {26E742F7-4BFC-4228-8483-79B31E8F3F34}
		{012C3C93-0A38-4CBF-BAA2-812226865642} = {7C835805-8E0D-4007-A695-B59DD0028FB8}
		{96EC5E79-D77E-42E6-BA21-9958D45749A5} = {012C3C93-0A38-4CBF-BAA2-812226865642}
	EndGlobalSection
	GlobalSection(ExtensibilityGlobals) = postSolution
		SolutionGuid = {20B1ED60-3525-4A21-98CF-1FBE9A344932}
	EndGlobalSection
EndGlobal
